// !$*UTF8*$!
{
	archiveVersion = 1;
	classes = {
	};
	objectVersion = 50;
	objects = {

/* Begin PBXBuildFile section */
		C19D5295249C3BEE00DF207B /* AppDelegate.swift in Sources */ = {isa = PBXBuildFile; fileRef = C19D5294249C3BEE00DF207B /* AppDelegate.swift */; };
		C19D5297249C3BEE00DF207B /* SceneDelegate.swift in Sources */ = {isa = PBXBuildFile; fileRef = C19D5296249C3BEE00DF207B /* SceneDelegate.swift */; };
		C19D5299249C3BEE00DF207B /* ContentView.swift in Sources */ = {isa = PBXBuildFile; fileRef = C19D5298249C3BEE00DF207B /* ContentView.swift */; };
		C19D529B249C3BEF00DF207B /* Assets.xcassets in Resources */ = {isa = PBXBuildFile; fileRef = C19D529A249C3BEF00DF207B /* Assets.xcassets */; };
		C19D529E249C3BEF00DF207B /* Preview Assets.xcassets in Resources */ = {isa = PBXBuildFile; fileRef = C19D529D249C3BEF00DF207B /* Preview Assets.xcassets */; };
		C19D52A1249C3BEF00DF207B /* LaunchScreen.storyboard in Resources */ = {isa = PBXBuildFile; fileRef = C19D529F249C3BEF00DF207B /* LaunchScreen.storyboard */; };
/* End PBXBuildFile section */

/* Begin PBXFileReference section */
		C19D5291249C3BEE00DF207B /* chapter32.app */ = {isa = PBXFileReference; explicitFileType = wrapper.application; includeInIndex = 0; path = chapter32.app; sourceTree = BUILT_PRODUCTS_DIR; };
		C19D5294249C3BEE00DF207B /* AppDelegate.swift */ = {isa = PBXFileReference; lastKnownFileType = sourcecode.swift; path = AppDelegate.swift; sourceTree = "<group>"; };
		C19D5296249C3BEE00DF207B /* SceneDelegate.swift */ = {isa = PBXFileReference; lastKnownFileType = sourcecode.swift; path = SceneDelegate.swift; sourceTree = "<group>"; };
		C19D5298249C3BEE00DF207B /* ContentView.swift */ = {isa = PBXFileReference; lastKnownFileType = sourcecode.swift; path = ContentView.swift; sourceTree = "<group>"; };
		C19D529A249C3BEF00DF207B /* Assets.xcassets */ = {isa = PBXFileReference; lastKnownFileType = folder.assetcatalog; path = Assets.xcassets; sourceTree = "<group>"; };
		C19D529D249C3BEF00DF207B /* Preview Assets.xcassets */ = {isa = PBXFileReference; lastKnownFileType = folder.assetcatalog; path = "Preview Assets.xcassets"; sourceTree = "<group>"; };
		C19D52A0249C3BEF00DF207B /* Base */ = {isa = PBXFileReference; lastKnownFileType = file.storyboard; name = Base; path = Base.lproj/LaunchScreen.storyboard; sourceTree = "<group>"; };
		C19D52A2249C3BEF00DF207B /* Info.plist */ = {isa = PBXFileReference; lastKnownFileType = text.plist.xml; path = Info.plist; sourceTree = "<group>"; };
/* End PBXFileReference section */

/* Begin PBXFrameworksBuildPhase section */
		C19D528E249C3BEE00DF207B /* Frameworks */ = {
			isa = PBXFrameworksBuildPhase;
			buildActionMask = 2147483647;
			files = (
			);
			runOnlyForDeploymentPostprocessing = 0;
		};
/* End PBXFrameworksBuildPhase section */

/* Begin PBXGroup section */
		C19D5288249C3BEE00DF207B = {
			isa = PBXGroup;
			children = (
				C19D5293249C3BEE00DF207B /* chapter32 */,
				C19D5292249C3BEE00DF207B /* Products */,
			);
			sourceTree = "<group>";
		};
		C19D5292249C3BEE00DF207B /* Products */ = {
			isa = PBXGroup;
			children = (
				C19D5291249C3BEE00DF207B /* chapter32.app */,
			);
			name = Products;
			sourceTree = "<group>";
		};
		C19D5293249C3BEE00DF207B /* chapter32 */ = {
			isa = PBXGroup;
			children = (
				C19D5294249C3BEE00DF207B /* AppDelegate.swift */,
				C19D5296249C3BEE00DF207B /* SceneDelegate.swift */,
				C19D5298249C3BEE00DF207B /* ContentView.swift */,
				C19D529A249C3BEF00DF207B /* Assets.xcassets */,
				C19D529F249C3BEF00DF207B /* LaunchScreen.storyboard */,
				C19D52A2249C3BEF00DF207B /* Info.plist */,
				C19D529C249C3BEF00DF207B /* Preview Content */,
			);
			path = chapter32;
			sourceTree = "<group>";
		};
		C19D529C249C3BEF00DF207B /* Preview Content */ = {
			isa = PBXGroup;
			children = (
				C19D529D249C3BEF00DF207B /* Preview Assets.xcassets */,
			);
			path = "Preview Content";
			sourceTree = "<group>";
		};
/* End PBXGroup section */

/* Begin PBXNativeTarget section */
		C19D5290249C3BEE00DF207B /* chapter32 */ = {
			isa = PBXNativeTarget;
			buildConfigurationList = C19D52A5249C3BEF00DF207B /* Build configuration list for PBXNativeTarget "chapter32" */;
			buildPhases = (
				C19D528D249C3BEE00DF207B /* Sources */,
				C19D528E249C3BEE00DF207B /* Frameworks */,
				C19D528F249C3BEE00DF207B /* Resources */,
			);
			buildRules = (
			);
			dependencies = (
			);
			name = chapter32;
			productName = chapter32;
			productReference = C19D5291249C3BEE00DF207B /* chapter32.app */;
			productType = "com.apple.product-type.application";
		};
/* End PBXNativeTarget section */

/* Begin PBXProject section */
		C19D5289249C3BEE00DF207B /* Project object */ = {
			isa = PBXProject;
			attributes = {
				LastSwiftUpdateCheck = 1150;
				LastUpgradeCheck = 1150;
				ORGANIZATIONNAME = yht;
				TargetAttributes = {
					C19D5290249C3BEE00DF207B = {
						CreatedOnToolsVersion = 11.5;
					};
				};
			};
			buildConfigurationList = C19D528C249C3BEE00DF207B /* Build configuration list for PBXProject "chapter32" */;
			compatibilityVersion = "Xcode 9.3";
			developmentRegion = en;
			hasScannedForEncodings = 0;
			knownRegions = (
				en,
				Base,
			);
			mainGroup = C19D5288249C3BEE00DF207B;
			productRefGroup = C19D5292249C3BEE00DF207B /* Products */;
			projectDirPath = "";
			projectRoot = "";
			targets = (
				C19D5290249C3BEE00DF207B /* chapter32 */,
			);
		};
/* End PBXProject section */

/* Begin PBXResourcesBuildPhase section */
		C19D528F249C3BEE00DF207B /* Resources */ = {
			isa = PBXResourcesBuildPhase;
			buildActionMask = 2147483647;
			files = (
				C19D52A1249C3BEF00DF207B /* LaunchScreen.storyboard in Resources */,
				C19D529E249C3BEF00DF207B /* Preview Assets.xcassets in Resources */,
				C19D529B249C3BEF00DF207B /* Assets.xcassets in Resources */,
			);
			runOnlyForDeploymentPostprocessing = 0;
		};
/* End PBXResourcesBuildPhase section */

/* Begin PBXSourcesBuildPhase section */
		C19D528D249C3BEE00DF207B /* Sources */ = {
			isa = PBXSourcesBuildPhase;
			buildActionMask = 2147483647;
			files = (
				C19D5295249C3BEE00DF207B /* AppDelegate.swift in Sources */,
				C19D5297249C3BEE00DF207B /* SceneDelegate.swift in Sources */,
				C19D5299249C3BEE00DF207B /* ContentView.swift in Sources */,
			);
			runOnlyForDeploymentPostprocessing = 0;
		};
/* End PBXSourcesBuildPhase section */

/* Begin PBXVariantGroup section */
		C19D529F249C3BEF00DF207B /* LaunchScreen.storyboard */ = {
			isa = PBXVariantGroup;
			children = (
				C19D52A0249C3BEF00DF207B /* Base */,
			);
			name = LaunchScreen.storyboard;
			sourceTree = "<group>";
		};
/* End PBXVariantGroup section */

/* Begin XCBuildConfiguration section */
		C19D52A3249C3BEF00DF207B /* Debug */ = {
			isa = XCBuildConfiguration;
			buildSettings = {
				ALWAYS_SEARCH_USER_PATHS = NO;
				CLANG_ANALYZER_NONNULL = YES;
				CLANG_ANALYZER_NUMBER_OBJECT_CONVERSION = YES_AGGRESSIVE;
				CLANG_CXX_LANGUAGE_STANDARD = "gnu++14";
				CLANG_CXX_LIBRARY = "libc++";
				CLANG_ENABLE_MODULES = YES;
				CLANG_ENABLE_OBJC_ARC = YES;
				CLANG_ENABLE_OBJC_WEAK = YES;
				CLANG_WARN_BLOCK_CAPTURE_AUTORELEASING = YES;
				CLANG_WARN_BOOL_CONVERSION = YES;
				CLANG_WARN_COMMA = YES;
				CLANG_WARN_CONSTANT_CONVERSION = YES;
				CLANG_WARN_DEPRECATED_OBJC_IMPLEMENTATIONS = YES;
				CLANG_WARN_DIRECT_OBJC_ISA_USAGE = YES_ERROR;
				CLANG_WARN_DOCUMENTATION_COMMENTS = YES;
				CLANG_WARN_EMPTY_BODY = YES;
				CLANG_WARN_ENUM_CONVERSION = YES;
				CLANG_WARN_INFINITE_RECURSION = YES;
				CLANG_WARN_INT_CONVERSION = YES;
				CLANG_WARN_NON_LITERAL_NULL_CONVERSION = YES;
				CLANG_WARN_OBJC_IMPLICIT_RETAIN_SELF = YES;
				CLANG_WARN_OBJC_LITERAL_CONVERSION = YES;
				CLANG_WARN_OBJC_ROOT_CLASS = YES_ERROR;
				CLANG_WARN_RANGE_LOOP_ANALYSIS = YES;
				CLANG_WARN_STRICT_PROTOTYPES = YES;
				CLANG_WARN_SUSPICIOUS_MOVE = YES;
				CLANG_WARN_UNGUARDED_AVAILABILITY = YES_AGGRESSIVE;
				CLANG_WARN_UNREACHABLE_CODE = YES;
				CLANG_WARN__DUPLICATE_METHOD_MATCH = YES;
				COPY_PHASE_STRIP = NO;
				DEBUG_INFORMATION_FORMAT = dwarf;
				ENABLE_STRICT_OBJC_MSGSEND = YES;
				ENABLE_TESTABILITY = YES;
				GCC_C_LANGUAGE_STANDARD = gnu11;
				GCC_DYNAMIC_NO_PIC = NO;
				GCC_NO_COMMON_BLOCKS = YES;
				GCC_OPTIMIZATION_LEVEL = 0;
				GCC_PREPROCESSOR_DEFINITIONS = (
					"DEBUG=1",
					"$(inherited)",
				);
				GCC_WARN_64_TO_32_BIT_CONVERSION = YES;
				GCC_WARN_ABOUT_RETURN_TYPE = YES_ERROR;
				GCC_WARN_UNDECLARED_SELECTOR = YES;
				GCC_WARN_UNINITIALIZED_AUTOS = YES_AGGRESSIVE;
				GCC_WARN_UNUSED_FUNCTION = YES;
				GCC_WARN_UNUSED_VARIABLE = YES;
				IPHONEOS_DEPLOYMENT_TARGET = 13.5;
				MTL_ENABLE_DEBUG_INFO = INCLUDE_SOURCE;
				MTL_FAST_MATH = YES;
				ONLY_ACTIVE_ARCH = YES;
				SDKROOT = iphoneos;
				SWIFT_ACTIVE_COMPILATION_CONDITIONS = DEBUG;
				SWIFT_OPTIMIZATION_LEVEL = "-Onone";
			};
			name = Debug;
		};
		C19D52A4249C3BEF00DF207B /* Release */ = {
			isa = XCBuildConfiguration;
			buildSettings = {
				ALWAYS_SEARCH_USER_PATHS = NO;
				CLANG_ANALYZER_NONNULL = YES;
				CLANG_ANALYZER_NUMBER_OBJECT_CONVERSION = YES_AGGRESSIVE;
				CLANG_CXX_LANGUAGE_STANDARD = "gnu++14";
				CLANG_CXX_LIBRARY = "libc++";
				CLANG_ENABLE_MODULES = YES;
				CLANG_ENABLE_OBJC_ARC = YES;
				CLANG_ENABLE_OBJC_WEAK = YES;
				CLANG_WARN_BLOCK_CAPTURE_AUTORELEASING = YES;
				CLANG_WARN_BOOL_CONVERSION = YES;
				CLANG_WARN_COMMA = YES;
				CLANG_WARN_CONSTANT_CONVERSION = YES;
				CLANG_WARN_DEPRECATED_OBJC_IMPLEMENTATIONS = YES;
				CLANG_WARN_DIRECT_OBJC_ISA_USAGE = YES_ERROR;
				CLANG_WARN_DOCUMENTATION_COMMENTS = YES;
				CLANG_WARN_EMPTY_BODY = YES;
				CLANG_WARN_ENUM_CONVERSION = YES;
				CLANG_WARN_INFINITE_RECURSION = YES;
				CLANG_WARN_INT_CONVERSION = YES;
				CLANG_WARN_NON_LITERAL_NULL_CONVERSION = YES;
				CLANG_WARN_OBJC_IMPLICIT_RETAIN_SELF = YES;
				CLANG_WARN_OBJC_LITERAL_CONVERSION = YES;
				CLANG_WARN_OBJC_ROOT_CLASS = YES_ERROR;
				CLANG_WARN_RANGE_LOOP_ANALYSIS = YES;
				CLANG_WARN_STRICT_PROTOTYPES = YES;
				CLANG_WARN_SUSPICIOUS_MOVE = YES;
				CLANG_WARN_UNGUARDED_AVAILABILITY = YES_AGGRESSIVE;
				CLANG_WARN_UNREACHABLE_CODE = YES;
				CLANG_WARN__DUPLICATE_METHOD_MATCH = YES;
				COPY_PHASE_STRIP = NO;
				DEBUG_INFORMATION_FORMAT = "dwarf-with-dsym";
				ENABLE_NS_ASSERTIONS = NO;
				ENABLE_STRICT_OBJC_MSGSEND = YES;
				GCC_C_LANGUAGE_STANDARD = gnu11;
				GCC_NO_COMMON_BLOCKS = YES;
				GCC_WARN_64_TO_32_BIT_CONVERSION = YES;
				GCC_WARN_ABOUT_RETURN_TYPE = YES_ERROR;
				GCC_WARN_UNDECLARED_SELECTOR = YES;
				GCC_WARN_UNINITIALIZED_AUTOS = YES_AGGRESSIVE;
				GCC_WARN_UNUSED_FUNCTION = YES;
				GCC_WARN_UNUSED_VARIABLE = YES;
				IPHONEOS_DEPLOYMENT_TARGET = 13.5;
				MTL_ENABLE_DEBUG_INFO = NO;
				MTL_FAST_MATH = YES;
				SDKROOT = iphoneos;
				SWIFT_COMPILATION_MODE = wholemodule;
				SWIFT_OPTIMIZATION_LEVEL = "-O";
				VALIDATE_PRODUCT = YES;
			};
			name = Release;
		};
		C19D52A6249C3BEF00DF207B /* Debug */ = {
			isa = XCBuildConfiguration;
			buildSettings = {
				ASSETCATALOG_COMPILER_APPICON_NAME = AppIcon;
				CODE_SIGN_STYLE = Automatic;
				DEVELOPMENT_ASSET_PATHS = "\"chapter32/Preview Content\"";
				DEVELOPMENT_TEAM = 828N6YH57L;
				ENABLE_PREVIEWS = YES;
				INFOPLIST_FILE = chapter32/Info.plist;
				LD_RUNPATH_SEARCH_PATHS = (
					"$(inherited)",
					"@executable_path/Frameworks",
				);
				PRODUCT_BUNDLE_IDENTIFIER = Yang.org.chapter32;
				PRODUCT_NAME = "$(TARGET_NAME)";
				SWIFT_VERSION = 5.0;
				TARGETED_DEVICE_FAMILY = "1,2";
			};
			name = Debug;
		};
		C19D52A7249C3BEF00DF207B /* Release */ = {
			isa = XCBuildConfiguration;
			buildSettings = {
				ASSETCATALOG_COMPILER_APPICON_NAME = AppIcon;
				CODE_SIGN_STYLE = Automatic;
				DEVELOPMENT_ASSET_PATHS = "\"chapter32/Preview Content\"";
				DEVELOPMENT_TEAM = 828N6YH57L;
				ENABLE_PREVIEWS = YES;
				INFOPLIST_FILE = chapter32/Info.plist;
				LD_RUNPATH_SEARCH_PATHS = (
					"$(inherited)",
					"@executable_path/Frameworks",
				);
				PRODUCT_BUNDLE_IDENTIFIER = Yang.org.chapter32;
				PRODUCT_NAME = "$(TARGET_NAME)";
				SWIFT_VERSION = 5.0;
				TARGETED_DEVICE_FAMILY = "1,2";
			};
			name = Release;
		};
/* End XCBuildConfiguration section */

/* Begin XCConfigurationList section */
		C19D528C249C3BEE00DF207B /* Build configuration list for PBXProject "chapter32" */ = {
			isa = XCConfigurationList;
			buildConfigurations = (
				C19D52A3249C3BEF00DF207B /* Debug */,
				C19D52A4249C3BEF00DF207B /* Release */,
			);
			defaultConfigurationIsVisible = 0;
			defaultConfigurationName = Release;
		};
		C19D52A5249C3BEF00DF207B /* Build configuration list for PBXNativeTarget "chapter32" */ = {
			isa = XCConfigurationList;
			buildConfigurations = (
				C19D52A6249C3BEF00DF207B /* Debug */,
				C19D52A7249C3BEF00DF207B /* Release */,
			);
			defaultConfigurationIsVisible = 0;
			defaultConfigurationName = Release;
		};
/* End XCConfigurationList section */
	};
	rootObject = C19D5289249C3BEE00DF207B /* Project object */;
}
